
Microsoft Visual Studio Solution File, Format Version 12.00
# Visual Studio Version 16
VisualStudioVersion = 16.0.30114.105
MinimumVisualStudioVersion = 10.0.40219.1
Project("{FAE04EC0-301F-11D3-BF4B-00C04F79EFBC}") = "AST", "AST\AST.csproj", "{25D1F6DC-99D3-477D-8E90-DFA668A2B631}"
EndProject
Project("{FAE04EC0-301F-11D3-BF4B-00C04F79EFBC}") = "Compiler", "Compiler\Compiler.csproj", "{53471EAA-68F0-4ABA-9621-54D6AAB91FF7}"
EndProject
Project("{FAE04EC0-301F-11D3-BF4B-00C04F79EFBC}") = "Language", "Language\Language.csproj", "{4C915C2C-3D68-421C-B68A-D7B67FD9FD30}"
EndProject
Project("{FAE04EC0-301F-11D3-BF4B-00C04F79EFBC}") = "Tests", "Tests\Tests.csproj", "{4CF26742-BCFB-4D17-B83A-8FF4E902D383}"
EndProject
Global
	GlobalSection(SolutionConfigurationPlatforms) = preSolution
		Debug|Any CPU = Debug|Any CPU
		Release|Any CPU = Release|Any CPU
	EndGlobalSection
	GlobalSection(SolutionProperties) = preSolution
		HideSolutionNode = FALSE
	EndGlobalSection
	GlobalSection(ProjectConfigurationPlatforms) = postSolution
		{25D1F6DC-99D3-477D-8E90-DFA668A2B631}.Debug|Any CPU.ActiveCfg = Debug|Any CPU
		{25D1F6DC-99D3-477D-8E90-DFA668A2B631}.Debug|Any CPU.Build.0 = Debug|Any CPU
		{25D1F6DC-99D3-477D-8E90-DFA668A2B631}.Release|Any CPU.ActiveCfg = Release|Any CPU
		{25D1F6DC-99D3-477D-8E90-DFA668A2B631}.Release|Any CPU.Build.0 = Release|Any CPU
		{53471EAA-68F0-4ABA-9621-54D6AAB91FF7}.Debug|Any CPU.ActiveCfg = Debug|Any CPU
		{53471EAA-68F0-4ABA-9621-54D6AAB91FF7}.Debug|Any CPU.Build.0 = Debug|Any CPU
		{53471EAA-68F0-4ABA-9621-54D6AAB91FF7}.Release|Any CPU.ActiveCfg = Release|Any CPU
		{53471EAA-68F0-4ABA-9621-54D6AAB91FF7}.Release|Any CPU.Build.0 = Release|Any CPU
		{4C915C2C-3D68-421C-B68A-D7B67FD9FD30}.Debug|Any CPU.ActiveCfg = Debug|Any CPU
		{4C915C2C-3D68-421C-B68A-D7B67FD9FD30}.Debug|Any CPU.Build.0 = Debug|Any CPU
		{4C915C2C-3D68-421C-B68A-D7B67FD9FD30}.Release|Any CPU.ActiveCfg = Release|Any CPU
		{4C915C2C-3D68-421C-B68A-D7B67FD9FD30}.Release|Any CPU.Build.0 = Release|Any CPU
		{4CF26742-BCFB-4D17-B83A-8FF4E902D383}.Debug|Any CPU.ActiveCfg = Debug|Any CPU
		{4CF26742-BCFB-4D17-B83A-8FF4E902D383}.Debug|Any CPU.Build.0 = Debug|Any CPU
		{4CF26742-BCFB-4D17-B83A-8FF4E902D383}.Release|Any CPU.ActiveCfg = Release|Any CPU
		{4CF26742-BCFB-4D17-B83A-8FF4E902D383}.Release|Any CPU.Build.0 = Release|Any CPU
	EndGlobalSection
EndGlobal
